// !$*UTF8*$!
{
	archiveVersion = 1;
	classes = {
	};
	objectVersion = 46;
	objects = {

/* Begin PBXBuildFile section */
		FA158FB016B417D400C2D4F6 /* VFLViewController.m in Sources */ = {isa = PBXBuildFile; fileRef = FA158FAE16B417D400C2D4F6 /* VFLViewController.m */; };
		FA158FB116B417D400C2D4F6 /* VFLViewController.xib in Resources */ = {isa = PBXBuildFile; fileRef = FA158FAF16B417D400C2D4F6 /* VFLViewController.xib */; };
		FA158FB916B4255700C2D4F6 /* LayoutConstraintViewController.m in Sources */ = {isa = PBXBuildFile; fileRef = FA158FB716B4255700C2D4F6 /* LayoutConstraintViewController.m */; };
		FA158FBA16B4255700C2D4F6 /* LayoutConstraintViewController.xib in Resources */ = {isa = PBXBuildFile; fileRef = FA158FB816B4255700C2D4F6 /* LayoutConstraintViewController.xib */; };
		FA2DEBE91804707A0087D4D9 /* RatesViewController.m in Sources */ = {isa = PBXBuildFile; fileRef = FA2DEBE71804707A0087D4D9 /* RatesViewController.m */; };
		FA2DEBEA1804707A0087D4D9 /* RatesViewController.xib in Resources */ = {isa = PBXBuildFile; fileRef = FA2DEBE81804707A0087D4D9 /* RatesViewController.xib */; };
		FA73EC6D17C16AC50096F706 /* KeypadXC5ViewController.m in Sources */ = {isa = PBXBuildFile; fileRef = FA73EC6B17C16AC50096F706 /* KeypadXC5ViewController.m */; };
		FA73EC6E17C16AC50096F706 /* KeypadXC5ViewController.xib in Resources */ = {isa = PBXBuildFile; fileRef = FA73EC6C17C16AC50096F706 /* KeypadXC5ViewController.xib */; };
		FA73EC7617C170CB0096F706 /* MissingConstraintViewController.m in Sources */ = {isa = PBXBuildFile; fileRef = FA73EC7417C170CB0096F706 /* MissingConstraintViewController.m */; };
		FA73EC7717C170CB0096F706 /* MissingConstraintViewController.xib in Resources */ = {isa = PBXBuildFile; fileRef = FA73EC7517C170CB0096F706 /* MissingConstraintViewController.xib */; };
		FA7DA75B17A460180079A625 /* KeypadView.xib in Resources */ = {isa = PBXBuildFile; fileRef = FA7DA75A17A460180079A625 /* KeypadView.xib */; };
		FA7EE1EF16AE280E009FE37C /* RelationShipViewController.m in Sources */ = {isa = PBXBuildFile; fileRef = FA7EE1ED16AE280E009FE37C /* RelationShipViewController.m */; };
		FA7EE1F016AE280E009FE37C /* RelationShipViewController.xib in Resources */ = {isa = PBXBuildFile; fileRef = FA7EE1EE16AE280E009FE37C /* RelationShipViewController.xib */; };
		FAA7A1D9182E836E0015725B /* IBDemoViewController.m in Sources */ = {isa = PBXBuildFile; fileRef = FAA7A1D7182E836E0015725B /* IBDemoViewController.m */; };
		FAA7A1DA182E836E0015725B /* IBDemoViewController.xib in Resources */ = {isa = PBXBuildFile; fileRef = FAA7A1D8182E836E0015725B /* IBDemoViewController.xib */; };
		FAA7A1E6182E8C950015725B /* IBDemo2ViewController.m in Sources */ = {isa = PBXBuildFile; fileRef = FAA7A1E4182E8C950015725B /* IBDemo2ViewController.m */; };
		FAA7A1E7182E8C950015725B /* IBDemo2ViewController.xib in Resources */ = {isa = PBXBuildFile; fileRef = FAA7A1E5182E8C950015725B /* IBDemo2ViewController.xib */; };
		FAAA895D16F9A95000B597BE /* Relationship2ViewController.m in Sources */ = {isa = PBXBuildFile; fileRef = FAAA895B16F9A95000B597BE /* Relationship2ViewController.m */; };
		FAAA895E16F9A95000B597BE /* Relationship2ViewController.xib in Resources */ = {isa = PBXBuildFile; fileRef = FAAA895C16F9A95000B597BE /* Relationship2ViewController.xib */; };
		FAAFC58216A62AC9009F26D7 /* CompositionViewController.m in Sources */ = {isa = PBXBuildFile; fileRef = FAAFC58016A62AC9009F26D7 /* CompositionViewController.m */; };
		FAAFC58316A62AC9009F26D7 /* CompositionViewController.xib in Resources */ = {isa = PBXBuildFile; fileRef = FAAFC58116A62AC9009F26D7 /* CompositionViewController.xib */; };
		FAAFC58B16A62CC8009F26D7 /* UIView+ConstraintHelpers.m in Sources */ = {isa = PBXBuildFile; fileRef = FAAFC58A16A62CC8009F26D7 /* UIView+ConstraintHelpers.m */; };
		FAC17AB716987628008A66A7 /* UIKit.framework in Frameworks */ = {isa = PBXBuildFile; fileRef = FAC17AB616987628008A66A7 /* UIKit.framework */; };
		FAC17AB916987628008A66A7 /* Foundation.framework in Frameworks */ = {isa = PBXBuildFile; fileRef = FAC17AB816987628008A66A7 /* Foundation.framework */; };
		FAC17ABB16987628008A66A7 /* CoreGraphics.framework in Frameworks */ = {isa = PBXBuildFile; fileRef = FAC17ABA16987628008A66A7 /* CoreGraphics.framework */; };
		FAC17AC116987628008A66A7 /* InfoPlist.strings in Resources */ = {isa = PBXBuildFile; fileRef = FAC17ABF16987628008A66A7 /* InfoPlist.strings */; };
		FAC17AC316987628008A66A7 /* main.m in Sources */ = {isa = PBXBuildFile; fileRef = FAC17AC216987628008A66A7 /* main.m */; };
		FAC17AC716987628008A66A7 /* AppDelegate.m in Sources */ = {isa = PBXBuildFile; fileRef = FAC17AC616987628008A66A7 /* AppDelegate.m */; };
		FAC17AD016987628008A66A7 /* IBViewController.m in Sources */ = {isa = PBXBuildFile; fileRef = FAC17ACF16987628008A66A7 /* IBViewController.m */; };
		FAC17AD716987628008A66A7 /* BrevityViewController.m in Sources */ = {isa = PBXBuildFile; fileRef = FAC17AD616987628008A66A7 /* BrevityViewController.m */; };
		FAC17ADE16987628008A66A7 /* IBViewController.xib in Resources */ = {isa = PBXBuildFile; fileRef = FAC17ADC16987628008A66A7 /* IBViewController.xib */; };
		FAC17AE416987628008A66A7 /* BrevityViewController.xib in Resources */ = {isa = PBXBuildFile; fileRef = FAC17AE216987628008A66A7 /* BrevityViewController.xib */; };
		FAC94F2C18DE39D3002FD970 /* ScrollViewDemo.m in Sources */ = {isa = PBXBuildFile; fileRef = FAC94F2A18DE39D3002FD970 /* ScrollViewDemo.m */; };
		FAC94F2D18DE39D3002FD970 /* ScrollViewDemo.xib in Resources */ = {isa = PBXBuildFile; fileRef = FAC94F2B18DE39D3002FD970 /* ScrollViewDemo.xib */; };
		FAC94F3718DE70CD002FD970 /* Media.xcassets in Resources */ = {isa = PBXBuildFile; fileRef = FAC94F3618DE70CD002FD970 /* Media.xcassets */; };
/* End PBXBuildFile section */

/* Begin PBXFileReference section */
		FA158FAD16B417D400C2D4F6 /* VFLViewController.h */ = {isa = PBXFileReference; fileEncoding = 4; lastKnownFileType = sourcecode.c.h; path = VFLViewController.h; sourceTree = "<group>"; };
		FA158FAE16B417D400C2D4F6 /* VFLViewController.m */ = {isa = PBXFileReference; fileEncoding = 4; lastKnownFileType = sourcecode.c.objc; path = VFLViewController.m; sourceTree = "<group>"; };
		FA158FAF16B417D400C2D4F6 /* VFLViewController.xib */ = {isa = PBXFileReference; fileEncoding = 4; lastKnownFileType = file.xib; path = VFLViewController.xib; sourceTree = "<group>"; };
		FA158FB616B4255700C2D4F6 /* LayoutConstraintViewController.h */ = {isa = PBXFileReference; fileEncoding = 4; lastKnownFileType = sourcecode.c.h; path = LayoutConstraintViewController.h; sourceTree = "<group>"; };
		FA158FB716B4255700C2D4F6 /* LayoutConstraintViewController.m */ = {isa = PBXFileReference; fileEncoding = 4; lastKnownFileType = sourcecode.c.objc; path = LayoutConstraintViewController.m; sourceTree = "<group>"; };
		FA158FB816B4255700C2D4F6 /* LayoutConstraintViewController.xib */ = {isa = PBXFileReference; fileEncoding = 4; lastKnownFileType = file.xib; path = LayoutConstraintViewController.xib; sourceTree = "<group>"; };
		FA19F93C16A4EC9C0075D07C /* IBViewController.h */ = {isa = PBXFileReference; lastKnownFileType = sourcecode.c.h; path = IBViewController.h; sourceTree = "<group>"; };
		FA2DEBE61804707A0087D4D9 /* RatesViewController.h */ = {isa = PBXFileReference; fileEncoding = 4; lastKnownFileType = sourcecode.c.h; path = RatesViewController.h; sourceTree = "<group>"; };
		FA2DEBE71804707A0087D4D9 /* RatesViewController.m */ = {isa = PBXFileReference; fileEncoding = 4; lastKnownFileType = sourcecode.c.objc; path = RatesViewController.m; sourceTree = "<group>"; };
		FA2DEBE81804707A0087D4D9 /* RatesViewController.xib */ = {isa = PBXFileReference; fileEncoding = 4; lastKnownFileType = file.xib; path = RatesViewController.xib; sourceTree = "<group>"; };
		FA73EC6A17C16AC50096F706 /* KeypadXC5ViewController.h */ = {isa = PBXFileReference; fileEncoding = 4; lastKnownFileType = sourcecode.c.h; path = KeypadXC5ViewController.h; sourceTree = "<group>"; };
		FA73EC6B17C16AC50096F706 /* KeypadXC5ViewController.m */ = {isa = PBXFileReference; fileEncoding = 4; lastKnownFileType = sourcecode.c.objc; path = KeypadXC5ViewController.m; sourceTree = "<group>"; };
		FA73EC6C17C16AC50096F706 /* KeypadXC5ViewController.xib */ = {isa = PBXFileReference; fileEncoding = 4; lastKnownFileType = file.xib; path = KeypadXC5ViewController.xib; sourceTree = "<group>"; };
		FA73EC7317C170CB0096F706 /* MissingConstraintViewController.h */ = {isa = PBXFileReference; fileEncoding = 4; lastKnownFileType = sourcecode.c.h; path = MissingConstraintViewController.h; sourceTree = "<group>"; };
		FA73EC7417C170CB0096F706 /* MissingConstraintViewController.m */ = {isa = PBXFileReference; fileEncoding = 4; lastKnownFileType = sourcecode.c.objc; path = MissingConstraintViewController.m; sourceTree = "<group>"; };
		FA73EC7517C170CB0096F706 /* MissingConstraintViewController.xib */ = {isa = PBXFileReference; fileEncoding = 4; lastKnownFileType = file.xib; path = MissingConstraintViewController.xib; sourceTree = "<group>"; };
		FA7DA75A17A460180079A625 /* KeypadView.xib */ = {isa = PBXFileReference; fileEncoding = 4; lastKnownFileType = file.xib; path = KeypadView.xib; sourceTree = "<group>"; };
		FA7EE1EC16AE280E009FE37C /* RelationShipViewController.h */ = {isa = PBXFileReference; fileEncoding = 4; lastKnownFileType = sourcecode.c.h; path = RelationShipViewController.h; sourceTree = "<group>"; };
		FA7EE1ED16AE280E009FE37C /* RelationShipViewController.m */ = {isa = PBXFileReference; fileEncoding = 4; lastKnownFileType = sourcecode.c.objc; path = RelationShipViewController.m; sourceTree = "<group>"; };
		FA7EE1EE16AE280E009FE37C /* RelationShipViewController.xib */ = {isa = PBXFileReference; fileEncoding = 4; lastKnownFileType = file.xib; path = RelationShipViewController.xib; sourceTree = "<group>"; };
		FAA7A1D6182E836E0015725B /* IBDemoViewController.h */ = {isa = PBXFileReference; fileEncoding = 4; lastKnownFileType = sourcecode.c.h; path = IBDemoViewController.h; sourceTree = "<group>"; };
		FAA7A1D7182E836E0015725B /* IBDemoViewController.m */ = {isa = PBXFileReference; fileEncoding = 4; lastKnownFileType = sourcecode.c.objc; path = IBDemoViewController.m; sourceTree = "<group>"; };
		FAA7A1D8182E836E0015725B /* IBDemoViewController.xib */ = {isa = PBXFileReference; fileEncoding = 4; lastKnownFileType = file.xib; path = IBDemoViewController.xib; sourceTree = "<group>"; };
		FAA7A1E3182E8C950015725B /* IBDemo2ViewController.h */ = {isa = PBXFileReference; fileEncoding = 4; lastKnownFileType = sourcecode.c.h; path = IBDemo2ViewController.h; sourceTree = "<group>"; };
		FAA7A1E4182E8C950015725B /* IBDemo2ViewController.m */ = {isa = PBXFileReference; fileEncoding = 4; lastKnownFileType = sourcecode.c.objc; path = IBDemo2ViewController.m; sourceTree = "<group>"; };
		FAA7A1E5182E8C950015725B /* IBDemo2ViewController.xib */ = {isa = PBXFileReference; fileEncoding = 4; lastKnownFileType = file.xib; path = IBDemo2ViewController.xib; sourceTree = "<group>"; };
		FAAA895A16F9A95000B597BE /* Relationship2ViewController.h */ = {isa = PBXFileReference; fileEncoding = 4; lastKnownFileType = sourcecode.c.h; path = Relationship2ViewController.h; sourceTree = "<group>"; };
		FAAA895B16F9A95000B597BE /* Relationship2ViewController.m */ = {isa = PBXFileReference; fileEncoding = 4; lastKnownFileType = sourcecode.c.objc; path = Relationship2ViewController.m; sourceTree = "<group>"; };
		FAAA895C16F9A95000B597BE /* Relationship2ViewController.xib */ = {isa = PBXFileReference; fileEncoding = 4; lastKnownFileType = file.xib; path = Relationship2ViewController.xib; sourceTree = "<group>"; };
		FAAFC57F16A62AC9009F26D7 /* CompositionViewController.h */ = {isa = PBXFileReference; fileEncoding = 4; lastKnownFileType = sourcecode.c.h; path = CompositionViewController.h; sourceTree = "<group>"; };
		FAAFC58016A62AC9009F26D7 /* CompositionViewController.m */ = {isa = PBXFileReference; fileEncoding = 4; lastKnownFileType = sourcecode.c.objc; path = CompositionViewController.m; sourceTree = "<group>"; };
		FAAFC58116A62AC9009F26D7 /* CompositionViewController.xib */ = {isa = PBXFileReference; fileEncoding = 4; lastKnownFileType = file.xib; path = CompositionViewController.xib; sourceTree = "<group>"; };
		FAAFC58916A62CC8009F26D7 /* UIView+ConstraintHelpers.h */ = {isa = PBXFileReference; fileEncoding = 4; lastKnownFileType = sourcecode.c.h; path = "UIView+ConstraintHelpers.h"; sourceTree = "<group>"; };
		FAAFC58A16A62CC8009F26D7 /* UIView+ConstraintHelpers.m */ = {isa = PBXFileReference; fileEncoding = 4; lastKnownFileType = sourcecode.c.objc; path = "UIView+ConstraintHelpers.m"; sourceTree = "<group>"; };
		FAC17AB216987628008A66A7 /* LivingWithAutoLayout.app */ = {isa = PBXFileReference; explicitFileType = wrapper.application; includeInIndex = 0; path = LivingWithAutoLayout.app; sourceTree = BUILT_PRODUCTS_DIR; };
		FAC17AB616987628008A66A7 /* UIKit.framework */ = {isa = PBXFileReference; lastKnownFileType = wrapper.framework; name = UIKit.framework; path = System/Library/Frameworks/UIKit.framework; sourceTree = SDKROOT; };
		FAC17AB816987628008A66A7 /* Foundation.framework */ = {isa = PBXFileReference; lastKnownFileType = wrapper.framework; name = Foundation.framework; path = System/Library/Frameworks/Foundation.framework; sourceTree = SDKROOT; };
		FAC17ABA16987628008A66A7 /* CoreGraphics.framework */ = {isa = PBXFileReference; lastKnownFileType = wrapper.framework; name = CoreGraphics.framework; path = System/Library/Frameworks/CoreGraphics.framework; sourceTree = SDKROOT; };
		FAC17ABE16987628008A66A7 /* LivingWithAutoLayout-Info.plist */ = {isa = PBXFileReference; lastKnownFileType = text.plist.xml; path = "LivingWithAutoLayout-Info.plist"; sourceTree = "<group>"; };
		FAC17AC016987628008A66A7 /* en */ = {isa = PBXFileReference; lastKnownFileType = text.plist.strings; name = en; path = en.lproj/InfoPlist.strings; sourceTree = "<group>"; };
		FAC17AC216987628008A66A7 /* main.m */ = {isa = PBXFileReference; lastKnownFileType = sourcecode.c.objc; path = main.m; sourceTree = "<group>"; };
		FAC17AC416987628008A66A7 /* LivingWithAutoLayout-Prefix.pch */ = {isa = PBXFileReference; lastKnownFileType = sourcecode.c.h; path = "LivingWithAutoLayout-Prefix.pch"; sourceTree = "<group>"; };
		FAC17AC516987628008A66A7 /* AppDelegate.h */ = {isa = PBXFileReference; lastKnownFileType = sourcecode.c.h; path = AppDelegate.h; sourceTree = "<group>"; };
		FAC17AC616987628008A66A7 /* AppDelegate.m */ = {isa = PBXFileReference; lastKnownFileType = sourcecode.c.objc; path = AppDelegate.m; sourceTree = "<group>"; };
		FAC17ACF16987628008A66A7 /* IBViewController.m */ = {isa = PBXFileReference; lastKnownFileType = sourcecode.c.objc; path = IBViewController.m; sourceTree = "<group>"; };
		FAC17AD516987628008A66A7 /* BrevityViewController.h */ = {isa = PBXFileReference; lastKnownFileType = sourcecode.c.h; path = BrevityViewController.h; sourceTree = "<group>"; };
		FAC17AD616987628008A66A7 /* BrevityViewController.m */ = {isa = PBXFileReference; lastKnownFileType = sourcecode.c.objc; path = BrevityViewController.m; sourceTree = "<group>"; };
		FAC17ADD16987628008A66A7 /* en */ = {isa = PBXFileReference; lastKnownFileType = file.xib; name = en; path = en.lproj/IBViewController.xib; sourceTree = "<group>"; };
		FAC17AE316987628008A66A7 /* en */ = {isa = PBXFileReference; lastKnownFileType = file.xib; name = en; path = en.lproj/BrevityViewController.xib; sourceTree = "<group>"; };
		FAC94F2918DE39D3002FD970 /* ScrollViewDemo.h */ = {isa = PBXFileReference; fileEncoding = 4; lastKnownFileType = sourcecode.c.h; path = ScrollViewDemo.h; sourceTree = "<group>"; };
		FAC94F2A18DE39D3002FD970 /* ScrollViewDemo.m */ = {isa = PBXFileReference; fileEncoding = 4; lastKnownFileType = sourcecode.c.objc; path = ScrollViewDemo.m; sourceTree = "<group>"; };
		FAC94F2B18DE39D3002FD970 /* ScrollViewDemo.xib */ = {isa = PBXFileReference; fileEncoding = 4; lastKnownFileType = file.xib; path = ScrollViewDemo.xib; sourceTree = "<group>"; };
		FAC94F3618DE70CD002FD970 /* Media.xcassets */ = {isa = PBXFileReference; lastKnownFileType = folder.assetcatalog; path = Media.xcassets; sourceTree = "<group>"; };
/* End PBXFileReference section */

/* Begin PBXFrameworksBuildPhase section */
		FAC17AAF16987628008A66A7 /* Frameworks */ = {
			isa = PBXFrameworksBuildPhase;
			buildActionMask = 2147483647;
			files = (
				FAC17AB716987628008A66A7 /* UIKit.framework in Frameworks */,
				FAC17AB916987628008A66A7 /* Foundation.framework in Frameworks */,
				FAC17ABB16987628008A66A7 /* CoreGraphics.framework in Frameworks */,
			);
			runOnlyForDeploymentPostprocessing = 0;
		};
/* End PBXFrameworksBuildPhase section */

/* Begin PBXGroup section */
		FA511AE018E0F3DD00D58EBC /* VFL */ = {
			isa = PBXGroup;
			children = (
				FA158FAD16B417D400C2D4F6 /* VFLViewController.h */,
				FA158FAE16B417D400C2D4F6 /* VFLViewController.m */,
				FA158FAF16B417D400C2D4F6 /* VFLViewController.xib */,
			);
			name = VFL;
			sourceTree = "<group>";
		};
		FA511AE118E0F3EA00D58EBC /* NSLayoutConstraint */ = {
			isa = PBXGroup;
			children = (
				FA158FB616B4255700C2D4F6 /* LayoutConstraintViewController.h */,
				FA158FB716B4255700C2D4F6 /* LayoutConstraintViewController.m */,
				FA158FB816B4255700C2D4F6 /* LayoutConstraintViewController.xib */,
			);
			name = NSLayoutConstraint;
			sourceTree = "<group>";
		};
		FA511AE218E0F40200D58EBC /* IB */ = {
			isa = PBXGroup;
			children = (
				FAA7A1D6182E836E0015725B /* IBDemoViewController.h */,
				FAA7A1D7182E836E0015725B /* IBDemoViewController.m */,
				FAA7A1D8182E836E0015725B /* IBDemoViewController.xib */,
				FAA7A1E3182E8C950015725B /* IBDemo2ViewController.h */,
				FAA7A1E4182E8C950015725B /* IBDemo2ViewController.m */,
				FAA7A1E5182E8C950015725B /* IBDemo2ViewController.xib */,
				FA19F93C16A4EC9C0075D07C /* IBViewController.h */,
				FAC17ACF16987628008A66A7 /* IBViewController.m */,
				FAC17ADC16987628008A66A7 /* IBViewController.xib */,
			);
			name = IB;
			sourceTree = "<group>";
		};
		FA511AE318E0F41400D58EBC /* Brevity */ = {
			isa = PBXGroup;
			children = (
				FAC17AD516987628008A66A7 /* BrevityViewController.h */,
				FAC17AD616987628008A66A7 /* BrevityViewController.m */,
				FAC17AE216987628008A66A7 /* BrevityViewController.xib */,
			);
			name = Brevity;
			sourceTree = "<group>";
		};
		FA511AE418E0F43B00D58EBC /* Relationship */ = {
			isa = PBXGroup;
			children = (
				FA7EE1EC16AE280E009FE37C /* RelationShipViewController.h */,
				FA7EE1ED16AE280E009FE37C /* RelationShipViewController.m */,
				FA7EE1EE16AE280E009FE37C /* RelationShipViewController.xib */,
				FAAA895A16F9A95000B597BE /* Relationship2ViewController.h */,
				FAAA895B16F9A95000B597BE /* Relationship2ViewController.m */,
				FAAA895C16F9A95000B597BE /* Relationship2ViewController.xib */,
			);
			name = Relationship;
			sourceTree = "<group>";
		};
		FA511AE518E0F44F00D58EBC /* Scrollview */ = {
			isa = PBXGroup;
			children = (
				FAC94F2918DE39D3002FD970 /* ScrollViewDemo.h */,
				FAC94F2A18DE39D3002FD970 /* ScrollViewDemo.m */,
				FAC94F2B18DE39D3002FD970 /* ScrollViewDemo.xib */,
			);
			name = Scrollview;
			sourceTree = "<group>";
		};
		FA511AE618E0F45D00D58EBC /* XC5 */ = {
			isa = PBXGroup;
			children = (
				FA73EC6A17C16AC50096F706 /* KeypadXC5ViewController.h */,
				FA73EC6B17C16AC50096F706 /* KeypadXC5ViewController.m */,
				FA73EC6C17C16AC50096F706 /* KeypadXC5ViewController.xib */,
			);
			name = XC5;
			sourceTree = "<group>";
		};
		FA511AE718E0F46A00D58EBC /* Composition */ = {
			isa = PBXGroup;
			children = (
				FAAFC57F16A62AC9009F26D7 /* CompositionViewController.h */,
				FAAFC58016A62AC9009F26D7 /* CompositionViewController.m */,
				FAAFC58116A62AC9009F26D7 /* CompositionViewController.xib */,
			);
			name = Composition;
			sourceTree = "<group>";
		};
		FA511AE818E0F48100D58EBC /* MissingConstraint */ = {
			isa = PBXGroup;
			children = (
				FA73EC7317C170CB0096F706 /* MissingConstraintViewController.h */,
				FA73EC7417C170CB0096F706 /* MissingConstraintViewController.m */,
				FA73EC7517C170CB0096F706 /* MissingConstraintViewController.xib */,
			);
			name = MissingConstraint;
			sourceTree = "<group>";
		};
		FA511AE918E0F49500D58EBC /* Rates */ = {
			isa = PBXGroup;
			children = (
				FA2DEBE61804707A0087D4D9 /* RatesViewController.h */,
				FA2DEBE71804707A0087D4D9 /* RatesViewController.m */,
				FA2DEBE81804707A0087D4D9 /* RatesViewController.xib */,
			);
			name = Rates;
			sourceTree = "<group>";
		};
		FAC17AA716987628008A66A7 = {
			isa = PBXGroup;
			children = (
				FAC17ABC16987628008A66A7 /* LivingWithAutoLayout */,
				FAC17AB516987628008A66A7 /* Frameworks */,
				FAC17AB316987628008A66A7 /* Products */,
			);
			sourceTree = "<group>";
		};
		FAC17AB316987628008A66A7 /* Products */ = {
			isa = PBXGroup;
			children = (
				FAC17AB216987628008A66A7 /* LivingWithAutoLayout.app */,
			);
			name = Products;
			sourceTree = "<group>";
		};
		FAC17AB516987628008A66A7 /* Frameworks */ = {
			isa = PBXGroup;
			children = (
				FAC17AB616987628008A66A7 /* UIKit.framework */,
				FAC17AB816987628008A66A7 /* Foundation.framework */,
				FAC17ABA16987628008A66A7 /* CoreGraphics.framework */,
			);
			name = Frameworks;
			sourceTree = "<group>";
		};
		FAC17ABC16987628008A66A7 /* LivingWithAutoLayout */ = {
			isa = PBXGroup;
			children = (
				FAC94F3618DE70CD002FD970 /* Media.xcassets */,
				FAC17AC516987628008A66A7 /* AppDelegate.h */,
				FAC17AC616987628008A66A7 /* AppDelegate.m */,
				FA511AE318E0F41400D58EBC /* Brevity */,
				FA511AE718E0F46A00D58EBC /* Composition */,
				FA511AE118E0F3EA00D58EBC /* NSLayoutConstraint */,
				FA511AE218E0F40200D58EBC /* IB */,
				FA511AE818E0F48100D58EBC /* MissingConstraint */,
				FA511AE918E0F49500D58EBC /* Rates */,
				FA511AE418E0F43B00D58EBC /* Relationship */,
				FA511AE518E0F44F00D58EBC /* Scrollview */,
				FA511AE018E0F3DD00D58EBC /* VFL */,
				FA511AE618E0F45D00D58EBC /* XC5 */,
				FAAFC58916A62CC8009F26D7 /* UIView+ConstraintHelpers.h */,
				FAAFC58A16A62CC8009F26D7 /* UIView+ConstraintHelpers.m */,
				FAC17ABD16987628008A66A7 /* Supporting Files */,
				FA7DA75A17A460180079A625 /* KeypadView.xib */,
			);
			path = LivingWithAutoLayout;
			sourceTree = "<group>";
		};
		FAC17ABD16987628008A66A7 /* Supporting Files */ = {
			isa = PBXGroup;
			children = (
				FAC17ABE16987628008A66A7 /* LivingWithAutoLayout-Info.plist */,
				FAC17ABF16987628008A66A7 /* InfoPlist.strings */,
				FAC17AC216987628008A66A7 /* main.m */,
				FAC17AC416987628008A66A7 /* LivingWithAutoLayout-Prefix.pch */,
			);
			name = "Supporting Files";
			sourceTree = "<group>";
		};
/* End PBXGroup section */

/* Begin PBXNativeTarget section */
		FAC17AB116987628008A66A7 /* LivingWithAutoLayout */ = {
			isa = PBXNativeTarget;
			buildConfigurationList = FAC17AEA16987628008A66A7 /* Build configuration list for PBXNativeTarget "LivingWithAutoLayout" */;
			buildPhases = (
				FAC17AAE16987628008A66A7 /* Sources */,
				FAC17AAF16987628008A66A7 /* Frameworks */,
				FAC17AB016987628008A66A7 /* Resources */,
			);
			buildRules = (
			);
			dependencies = (
			);
			name = LivingWithAutoLayout;
			productName = LivingWithAutoLayout;
			productReference = FAC17AB216987628008A66A7 /* LivingWithAutoLayout.app */;
			productType = "com.apple.product-type.application";
		};
/* End PBXNativeTarget section */

/* Begin PBXProject section */
		FAC17AA916987628008A66A7 /* Project object */ = {
			isa = PBXProject;
			attributes = {
				LastUpgradeCheck = 0450;
				ORGANIZATIONNAME = "CapTech Ventures, Inc.";
			};
			buildConfigurationList = FAC17AAC16987628008A66A7 /* Build configuration list for PBXProject "LivingWithAutoLayout" */;
			compatibilityVersion = "Xcode 3.2";
			developmentRegion = English;
			hasScannedForEncodings = 0;
			knownRegions = (
				en,
			);
			mainGroup = FAC17AA716987628008A66A7;
			productRefGroup = FAC17AB316987628008A66A7 /* Products */;
			projectDirPath = "";
			projectRoot = "";
			targets = (
				FAC17AB116987628008A66A7 /* LivingWithAutoLayout */,
			);
		};
/* End PBXProject section */

/* Begin PBXResourcesBuildPhase section */
		FAC17AB016987628008A66A7 /* Resources */ = {
			isa = PBXResourcesBuildPhase;
			buildActionMask = 2147483647;
			files = (
				FAC17AC116987628008A66A7 /* InfoPlist.strings in Resources */,
				FAC94F3718DE70CD002FD970 /* Media.xcassets in Resources */,
				FAA7A1DA182E836E0015725B /* IBDemoViewController.xib in Resources */,
				FA7DA75B17A460180079A625 /* KeypadView.xib in Resources */,
				FAC17ADE16987628008A66A7 /* IBViewController.xib in Resources */,
				FAC17AE416987628008A66A7 /* BrevityViewController.xib in Resources */,
				FAC94F2D18DE39D3002FD970 /* ScrollViewDemo.xib in Resources */,
				FAAFC58316A62AC9009F26D7 /* CompositionViewController.xib in Resources */,
				FA7EE1F016AE280E009FE37C /* RelationShipViewController.xib in Resources */,
				FA2DEBEA1804707A0087D4D9 /* RatesViewController.xib in Resources */,
				FA158FB116B417D400C2D4F6 /* VFLViewController.xib in Resources */,
				FA73EC6E17C16AC50096F706 /* KeypadXC5ViewController.xib in Resources */,
				FA158FBA16B4255700C2D4F6 /* LayoutConstraintViewController.xib in Resources */,
				FA73EC7717C170CB0096F706 /* MissingConstraintViewController.xib in Resources */,
				FAA7A1E7182E8C950015725B /* IBDemo2ViewController.xib in Resources */,
				FAAA895E16F9A95000B597BE /* Relationship2ViewController.xib in Resources */,
			);
			runOnlyForDeploymentPostprocessing = 0;
		};
/* End PBXResourcesBuildPhase section */

/* Begin PBXSourcesBuildPhase section */
		FAC17AAE16987628008A66A7 /* Sources */ = {
			isa = PBXSourcesBuildPhase;
			buildActionMask = 2147483647;
			files = (
				FAC17AC316987628008A66A7 /* main.m in Sources */,
				FA73EC6D17C16AC50096F706 /* KeypadXC5ViewController.m in Sources */,
				FAC17AC716987628008A66A7 /* AppDelegate.m in Sources */,
				FAC17AD016987628008A66A7 /* IBViewController.m in Sources */,
				FAC17AD716987628008A66A7 /* BrevityViewController.m in Sources */,
				FAAFC58216A62AC9009F26D7 /* CompositionViewController.m in Sources */,
				FAA7A1E6182E8C950015725B /* IBDemo2ViewController.m in Sources */,
				FAA7A1D9182E836E0015725B /* IBDemoViewController.m in Sources */,
				FA73EC7617C170CB0096F706 /* MissingConstraintViewController.m in Sources */,
				FA2DEBE91804707A0087D4D9 /* RatesViewController.m in Sources */,
				FAC94F2C18DE39D3002FD970 /* ScrollViewDemo.m in Sources */,
				FAAFC58B16A62CC8009F26D7 /* UIView+ConstraintHelpers.m in Sources */,
				FA7EE1EF16AE280E009FE37C /* RelationShipViewController.m in Sources */,
				FA158FB016B417D400C2D4F6 /* VFLViewController.m in Sources */,
				FA158FB916B4255700C2D4F6 /* LayoutConstraintViewController.m in Sources */,
				FAAA895D16F9A95000B597BE /* Relationship2ViewController.m in Sources */,
			);
			runOnlyForDeploymentPostprocessing = 0;
		};
/* End PBXSourcesBuildPhase section */

/* Begin PBXVariantGroup section */
		FAC17ABF16987628008A66A7 /* InfoPlist.strings */ = {
			isa = PBXVariantGroup;
			children = (
				FAC17AC016987628008A66A7 /* en */,
			);
			name = InfoPlist.strings;
			sourceTree = "<group>";
		};
		FAC17ADC16987628008A66A7 /* IBViewController.xib */ = {
			isa = PBXVariantGroup;
			children = (
				FAC17ADD16987628008A66A7 /* en */,
			);
			name = IBViewController.xib;
			sourceTree = "<group>";
		};
		FAC17AE216987628008A66A7 /* BrevityViewController.xib */ = {
			isa = PBXVariantGroup;
			children = (
				FAC17AE316987628008A66A7 /* en */,
			);
			name = BrevityViewController.xib;
			sourceTree = "<group>";
		};
/* End PBXVariantGroup section */

/* Begin XCBuildConfiguration section */
		FAC17AE816987628008A66A7 /* Debug */ = {
			isa = XCBuildConfiguration;
			buildSettings = {
				ALWAYS_SEARCH_USER_PATHS = NO;
				CLANG_CXX_LANGUAGE_STANDARD = "gnu++0x";
				CLANG_CXX_LIBRARY = "libc++";
				CLANG_ENABLE_OBJC_ARC = YES;
				CLANG_WARN_EMPTY_BODY = YES;
				CLANG_WARN__DUPLICATE_METHOD_MATCH = YES;
				"CODE_SIGN_IDENTITY[sdk=iphoneos*]" = "iPhone Developer";
				COPY_PHASE_STRIP = NO;
				GCC_C_LANGUAGE_STANDARD = gnu99;
				GCC_DYNAMIC_NO_PIC = NO;
				GCC_OPTIMIZATION_LEVEL = 0;
				GCC_PREPROCESSOR_DEFINITIONS = (
					"DEBUG=1",
					"$(inherited)",
				);
				GCC_SYMBOLS_PRIVATE_EXTERN = NO;
				GCC_WARN_ABOUT_RETURN_TYPE = YES;
				GCC_WARN_UNINITIALIZED_AUTOS = YES;
				GCC_WARN_UNUSED_VARIABLE = YES;
				IPHONEOS_DEPLOYMENT_TARGET = 6.0;
				ONLY_ACTIVE_ARCH = YES;
				SDKROOT = iphoneos;
				TARGETED_DEVICE_FAMILY = "1,2";
			};
			name = Debug;
		};
		FAC17AE916987628008A66A7 /* Release */ = {
			isa = XCBuildConfiguration;
			buildSettings = {
				ALWAYS_SEARCH_USER_PATHS = NO;
				CLANG_CXX_LANGUAGE_STANDARD = "gnu++0x";
				CLANG_CXX_LIBRARY = "libc++";
				CLANG_ENABLE_OBJC_ARC = YES;
				CLANG_WARN_EMPTY_BODY = YES;
				CLANG_WARN__DUPLICATE_METHOD_MATCH = YES;
				"CODE_SIGN_IDENTITY[sdk=iphoneos*]" = "iPhone Developer";
				COPY_PHASE_STRIP = YES;
				GCC_C_LANGUAGE_STANDARD = gnu99;
				GCC_WARN_ABOUT_RETURN_TYPE = YES;
				GCC_WARN_UNINITIALIZED_AUTOS = YES;
				GCC_WARN_UNUSED_VARIABLE = YES;
				IPHONEOS_DEPLOYMENT_TARGET = 6.0;
				OTHER_CFLAGS = "-DNS_BLOCK_ASSERTIONS=1";
				SDKROOT = iphoneos;
				TARGETED_DEVICE_FAMILY = "1,2";
				VALIDATE_PRODUCT = YES;
			};
			name = Release;
		};
		FAC17AEB16987628008A66A7 /* Debug */ = {
			isa = XCBuildConfiguration;
			buildSettings = {
				ASSETCATALOG_COMPILER_APPICON_NAME = AppIcon;
				ASSETCATALOG_COMPILER_LAUNCHIMAGE_NAME = LaunchImage;
				GCC_PRECOMPILE_PREFIX_HEADER = YES;
				GCC_PREFIX_HEADER = "LivingWithAutoLayout/LivingWithAutoLayout-Prefix.pch";
				INFOPLIST_FILE = "LivingWithAutoLayout/LivingWithAutoLayout-Info.plist";
				IPHONEOS_DEPLOYMENT_TARGET = 7.0;
				PRODUCT_NAME = "$(TARGET_NAME)";
				WRAPPER_EXTENSION = app;
			};
			name = Debug;
		};
		FAC17AEC16987628008A66A7 /* Release */ = {
			isa = XCBuildConfiguration;
			buildSettings = {
				ASSETCATALOG_COMPILER_APPICON_NAME = AppIcon;
				ASSETCATALOG_COMPILER_LAUNCHIMAGE_NAME = LaunchImage;
				GCC_PRECOMPILE_PREFIX_HEADER = YES;
				GCC_PREFIX_HEADER = "LivingWithAutoLayout/LivingWithAutoLayout-Prefix.pch";
				INFOPLIST_FILE = "LivingWithAutoLayout/LivingWithAutoLayout-Info.plist";
				IPHONEOS_DEPLOYMENT_TARGET = 7.0;
				PRODUCT_NAME = "$(TARGET_NAME)";
				WRAPPER_EXTENSION = app;
			};
			name = Release;
		};
/* End XCBuildConfiguration section */

/* Begin XCConfigurationList section */
		FAC17AAC16987628008A66A7 /* Build configuration list for PBXProject "LivingWithAutoLayout" */ = {
			isa = XCConfigurationList;
			buildConfigurations = (
				FAC17AE816987628008A66A7 /* Debug */,
				FAC17AE916987628008A66A7 /* Release */,
			);
			defaultConfigurationIsVisible = 0;
			defaultConfigurationName = Release;
		};
		FAC17AEA16987628008A66A7 /* Build configuration list for PBXNativeTarget "LivingWithAutoLayout" */ = {
			isa = XCConfigurationList;
			buildConfigurations = (
				FAC17AEB16987628008A66A7 /* Debug */,
				FAC17AEC16987628008A66A7 /* Release */,
			);
			defaultConfigurationIsVisible = 0;
			defaultConfigurationName = Release;
		};
/* End XCConfigurationList section */
	};
	rootObject = FAC17AA916987628008A66A7 /* Project object */;
}
